
Microsoft Visual Studio Solution File, Format Version 12.00
# Visual Studio 15
VisualStudioVersion = 15.0.28307.168
MinimumVisualStudioVersion = 10.0.40219.1
Project("{FAE04EC0-301F-11D3-BF4B-00C04F79EFBC}") = "opgave_variabeltal", "opgave_variabeltal\opgave_variabeltal.csproj", "{5D0560B3-D4EB-477C-AA97-2F01B9C457E9}"
EndProject
Project("{FAE04EC0-301F-11D3-BF4B-00C04F79EFBC}") = "Regnemaskine-Typekonvertering", "Regnemaskine-Typekonvertering\Regnemaskine-Typekonvertering.csproj", "{A009A2B7-1FAA-42DB-B7EF-A7B70D46747D}"
EndProject
Project("{FAE04EC0-301F-11D3-BF4B-00C04F79EFBC}") = "DataTime og TimeSpan", "ConsoleApp1\DataTime og TimeSpan.csproj", "{CDB56FAA-96CF-41C4-8AFA-D169ADD9F606}"
EndProject
Project("{FAE04EC0-301F-11D3-BF4B-00C04F79EFBC}") = "Brug af stenge", "ConsoleApp2\Brug af stenge.csproj", "{12DF1A3A-52C0-48F9-8AA4-5EE9B8A96833}"
EndProject
Project("{FAE04EC0-301F-11D3-BF4B-00C04F79EFBC}") = "Brug af enum", "Brug af enum\Brug af enum.csproj", "{10264D9E-ABBF-446F-97DA-164825190300}"
EndProject
Project("{FAE04EC0-301F-11D3-BF4B-00C04F79EFBC}") = "Brug af Struct", "Brug af Struct\Brug af Struct.csproj", "{250D8713-1FC0-463D-8AD6-C9A0231C8B3E}"
EndProject
Project("{FAE04EC0-301F-11D3-BF4B-00C04F79EFBC}") = "Brug af Struct og Enum", "Brug af Struct og Enum\Brug af Struct og Enum.csproj", "{C9CB1073-E7AC-4588-8AA9-8D31C0E7A7B4}"
EndProject
Project("{FAE04EC0-301F-11D3-BF4B-00C04F79EFBC}") = "Flow (for og if)", "ConsoleApp3\Flow (for og if).csproj", "{696B7814-4EAE-46F2-BB76-97B3A772AF0D}"
EndProject
Project("{FAE04EC0-301F-11D3-BF4B-00C04F79EFBC}") = "Egenskaber (fuld egenskab)", "Egenskaber (fuld egenskab)\Egenskaber (fuld egenskab).csproj", "{01CBBDA7-5F39-4192-9BF4-CF3B64F0AB46}"
EndProject
Project("{FAE04EC0-301F-11D3-BF4B-00C04F79EFBC}") = "Arv (Udvid System.Random)", "Arv (Udvid System.Random)\Arv (Udvid System.Random).csproj", "{8A55B78C-843E-4342-9840-F673F6D75CEB}"
EndProject
Project("{FAE04EC0-301F-11D3-BF4B-00C04F79EFBC}") = "Arv (Terning)", "Arv (Terning)\Arv (Terning).csproj", "{AD796365-E383-4836-B34D-C42127CBAAFC}"
EndProject
Project("{FAE04EC0-301F-11D3-BF4B-00C04F79EFBC}") = "Arv (Polymorfi)", "Arv (Polymorfi)\Arv (Polymorfi).csproj", "{BF165F40-7A5F-4F2F-9564-C06BCA209E82}"
EndProject
Project("{FAE04EC0-301F-11D3-BF4B-00C04F79EFBC}") = "Arv (Polymorfi1)", "Arv (Polymorfi1)\Arv (Polymorfi1).csproj", "{5DF5E0A1-3DC8-4BA2-8430-9107521B3C44}"
EndProject
Project("{FAE04EC0-301F-11D3-BF4B-00C04F79EFBC}") = "Interface (eget interface)", "Interface (eget interface)\Interface (eget interface).csproj", "{904FB375-AC6B-45E2-8142-8FDB71751DEA}"
EndProject
Project("{FAE04EC0-301F-11D3-BF4B-00C04F79EFBC}") = "Interface (compare)", "Interface (compare)\Interface (compare).csproj", "{1AC46DD6-D0CE-4280-9725-B71ABA6BCEBA}"
EndProject
Project("{FAE04EC0-301F-11D3-BF4B-00C04F79EFBC}") = "Delegates (helt grundlæggende)", "Delegates (helt grundlæggende)\Delegates (helt grundlæggende).csproj", "{8AFEA533-0A42-4CFB-8E49-3CC7B0B6942F}"
EndProject
Project("{FAE04EC0-301F-11D3-BF4B-00C04F79EFBC}") = "Lambda", "Lambda\Lambda.csproj", "{42DB04CE-A133-4F2E-A66F-1EDB810F1C44}"
EndProject
Project("{FAE04EC0-301F-11D3-BF4B-00C04F79EFBC}") = "Events (FileWatcher)", "Events (FileWatcher)\Events (FileWatcher).csproj", "{71F4464F-5FD9-41AF-8970-DD0E73AA48B6}"
EndProject
Global
	GlobalSection(SolutionConfigurationPlatforms) = preSolution
		Debug|Any CPU = Debug|Any CPU
		Release|Any CPU = Release|Any CPU
	EndGlobalSection
	GlobalSection(ProjectConfigurationPlatforms) = postSolution
		{5D0560B3-D4EB-477C-AA97-2F01B9C457E9}.Debug|Any CPU.ActiveCfg = Debug|Any CPU
		{5D0560B3-D4EB-477C-AA97-2F01B9C457E9}.Debug|Any CPU.Build.0 = Debug|Any CPU
		{5D0560B3-D4EB-477C-AA97-2F01B9C457E9}.Release|Any CPU.ActiveCfg = Release|Any CPU
		{5D0560B3-D4EB-477C-AA97-2F01B9C457E9}.Release|Any CPU.Build.0 = Release|Any CPU
		{A009A2B7-1FAA-42DB-B7EF-A7B70D46747D}.Debug|Any CPU.ActiveCfg = Debug|Any CPU
		{A009A2B7-1FAA-42DB-B7EF-A7B70D46747D}.Debug|Any CPU.Build.0 = Debug|Any CPU
		{A009A2B7-1FAA-42DB-B7EF-A7B70D46747D}.Release|Any CPU.ActiveCfg = Release|Any CPU
		{A009A2B7-1FAA-42DB-B7EF-A7B70D46747D}.Release|Any CPU.Build.0 = Release|Any CPU
		{CDB56FAA-96CF-41C4-8AFA-D169ADD9F606}.Debug|Any CPU.ActiveCfg = Debug|Any CPU
		{CDB56FAA-96CF-41C4-8AFA-D169ADD9F606}.Debug|Any CPU.Build.0 = Debug|Any CPU
		{CDB56FAA-96CF-41C4-8AFA-D169ADD9F606}.Release|Any CPU.ActiveCfg = Release|Any CPU
		{CDB56FAA-96CF-41C4-8AFA-D169ADD9F606}.Release|Any CPU.Build.0 = Release|Any CPU
		{12DF1A3A-52C0-48F9-8AA4-5EE9B8A96833}.Debug|Any CPU.ActiveCfg = Debug|Any CPU
		{12DF1A3A-52C0-48F9-8AA4-5EE9B8A96833}.Debug|Any CPU.Build.0 = Debug|Any CPU
		{12DF1A3A-52C0-48F9-8AA4-5EE9B8A96833}.Release|Any CPU.ActiveCfg = Release|Any CPU
		{12DF1A3A-52C0-48F9-8AA4-5EE9B8A96833}.Release|Any CPU.Build.0 = Release|Any CPU
		{10264D9E-ABBF-446F-97DA-164825190300}.Debug|Any CPU.ActiveCfg = Debug|Any CPU
		{10264D9E-ABBF-446F-97DA-164825190300}.Debug|Any CPU.Build.0 = Debug|Any CPU
		{10264D9E-ABBF-446F-97DA-164825190300}.Release|Any CPU.ActiveCfg = Release|Any CPU
		{10264D9E-ABBF-446F-97DA-164825190300}.Release|Any CPU.Build.0 = Release|Any CPU
		{250D8713-1FC0-463D-8AD6-C9A0231C8B3E}.Debug|Any CPU.ActiveCfg = Debug|Any CPU
		{250D8713-1FC0-463D-8AD6-C9A0231C8B3E}.Debug|Any CPU.Build.0 = Debug|Any CPU
		{250D8713-1FC0-463D-8AD6-C9A0231C8B3E}.Release|Any CPU.ActiveCfg = Release|Any CPU
		{250D8713-1FC0-463D-8AD6-C9A0231C8B3E}.Release|Any CPU.Build.0 = Release|Any CPU
		{C9CB1073-E7AC-4588-8AA9-8D31C0E7A7B4}.Debug|Any CPU.ActiveCfg = Debug|Any CPU
		{C9CB1073-E7AC-4588-8AA9-8D31C0E7A7B4}.Debug|Any CPU.Build.0 = Debug|Any CPU
		{C9CB1073-E7AC-4588-8AA9-8D31C0E7A7B4}.Release|Any CPU.ActiveCfg = Release|Any CPU
		{C9CB1073-E7AC-4588-8AA9-8D31C0E7A7B4}.Release|Any CPU.Build.0 = Release|Any CPU
		{696B7814-4EAE-46F2-BB76-97B3A772AF0D}.Debug|Any CPU.ActiveCfg = Debug|Any CPU
		{696B7814-4EAE-46F2-BB76-97B3A772AF0D}.Debug|Any CPU.Build.0 = Debug|Any CPU
		{696B7814-4EAE-46F2-BB76-97B3A772AF0D}.Release|Any CPU.ActiveCfg = Release|Any CPU
		{696B7814-4EAE-46F2-BB76-97B3A772AF0D}.Release|Any CPU.Build.0 = Release|Any CPU
		{01CBBDA7-5F39-4192-9BF4-CF3B64F0AB46}.Debug|Any CPU.ActiveCfg = Debug|Any CPU
		{01CBBDA7-5F39-4192-9BF4-CF3B64F0AB46}.Debug|Any CPU.Build.0 = Debug|Any CPU
		{01CBBDA7-5F39-4192-9BF4-CF3B64F0AB46}.Release|Any CPU.ActiveCfg = Release|Any CPU
		{01CBBDA7-5F39-4192-9BF4-CF3B64F0AB46}.Release|Any CPU.Build.0 = Release|Any CPU
		{8A55B78C-843E-4342-9840-F673F6D75CEB}.Debug|Any CPU.ActiveCfg = Debug|Any CPU
		{8A55B78C-843E-4342-9840-F673F6D75CEB}.Debug|Any CPU.Build.0 = Debug|Any CPU
		{8A55B78C-843E-4342-9840-F673F6D75CEB}.Release|Any CPU.ActiveCfg = Release|Any CPU
		{8A55B78C-843E-4342-9840-F673F6D75CEB}.Release|Any CPU.Build.0 = Release|Any CPU
		{AD796365-E383-4836-B34D-C42127CBAAFC}.Debug|Any CPU.ActiveCfg = Debug|Any CPU
		{AD796365-E383-4836-B34D-C42127CBAAFC}.Debug|Any CPU.Build.0 = Debug|Any CPU
		{AD796365-E383-4836-B34D-C42127CBAAFC}.Release|Any CPU.ActiveCfg = Release|Any CPU
		{AD796365-E383-4836-B34D-C42127CBAAFC}.Release|Any CPU.Build.0 = Release|Any CPU
		{BF165F40-7A5F-4F2F-9564-C06BCA209E82}.Debug|Any CPU.ActiveCfg = Debug|Any CPU
		{BF165F40-7A5F-4F2F-9564-C06BCA209E82}.Debug|Any CPU.Build.0 = Debug|Any CPU
		{BF165F40-7A5F-4F2F-9564-C06BCA209E82}.Release|Any CPU.ActiveCfg = Release|Any CPU
		{BF165F40-7A5F-4F2F-9564-C06BCA209E82}.Release|Any CPU.Build.0 = Release|Any CPU
		{5DF5E0A1-3DC8-4BA2-8430-9107521B3C44}.Debug|Any CPU.ActiveCfg = Debug|Any CPU
		{5DF5E0A1-3DC8-4BA2-8430-9107521B3C44}.Debug|Any CPU.Build.0 = Debug|Any CPU
		{5DF5E0A1-3DC8-4BA2-8430-9107521B3C44}.Release|Any CPU.ActiveCfg = Release|Any CPU
		{5DF5E0A1-3DC8-4BA2-8430-9107521B3C44}.Release|Any CPU.Build.0 = Release|Any CPU
		{904FB375-AC6B-45E2-8142-8FDB71751DEA}.Debug|Any CPU.ActiveCfg = Debug|Any CPU
		{904FB375-AC6B-45E2-8142-8FDB71751DEA}.Debug|Any CPU.Build.0 = Debug|Any CPU
		{904FB375-AC6B-45E2-8142-8FDB71751DEA}.Release|Any CPU.ActiveCfg = Release|Any CPU
		{904FB375-AC6B-45E2-8142-8FDB71751DEA}.Release|Any CPU.Build.0 = Release|Any CPU
		{1AC46DD6-D0CE-4280-9725-B71ABA6BCEBA}.Debug|Any CPU.ActiveCfg = Debug|Any CPU
		{1AC46DD6-D0CE-4280-9725-B71ABA6BCEBA}.Debug|Any CPU.Build.0 = Debug|Any CPU
		{1AC46DD6-D0CE-4280-9725-B71ABA6BCEBA}.Release|Any CPU.ActiveCfg = Release|Any CPU
		{1AC46DD6-D0CE-4280-9725-B71ABA6BCEBA}.Release|Any CPU.Build.0 = Release|Any CPU
		{8AFEA533-0A42-4CFB-8E49-3CC7B0B6942F}.Debug|Any CPU.ActiveCfg = Debug|Any CPU
		{8AFEA533-0A42-4CFB-8E49-3CC7B0B6942F}.Debug|Any CPU.Build.0 = Debug|Any CPU
		{8AFEA533-0A42-4CFB-8E49-3CC7B0B6942F}.Release|Any CPU.ActiveCfg = Release|Any CPU
		{8AFEA533-0A42-4CFB-8E49-3CC7B0B6942F}.Release|Any CPU.Build.0 = Release|Any CPU
		{42DB04CE-A133-4F2E-A66F-1EDB810F1C44}.Debug|Any CPU.ActiveCfg = Debug|Any CPU
		{42DB04CE-A133-4F2E-A66F-1EDB810F1C44}.Debug|Any CPU.Build.0 = Debug|Any CPU
		{42DB04CE-A133-4F2E-A66F-1EDB810F1C44}.Release|Any CPU.ActiveCfg = Release|Any CPU
		{42DB04CE-A133-4F2E-A66F-1EDB810F1C44}.Release|Any CPU.Build.0 = Release|Any CPU
		{71F4464F-5FD9-41AF-8970-DD0E73AA48B6}.Debug|Any CPU.ActiveCfg = Debug|Any CPU
		{71F4464F-5FD9-41AF-8970-DD0E73AA48B6}.Debug|Any CPU.Build.0 = Debug|Any CPU
		{71F4464F-5FD9-41AF-8970-DD0E73AA48B6}.Release|Any CPU.ActiveCfg = Release|Any CPU
		{71F4464F-5FD9-41AF-8970-DD0E73AA48B6}.Release|Any CPU.Build.0 = Release|Any CPU
	EndGlobalSection
	GlobalSection(SolutionProperties) = preSolution
		HideSolutionNode = FALSE
	EndGlobalSection
	GlobalSection(ExtensibilityGlobals) = postSolution
		SolutionGuid = {03925C3B-8DB4-4D7C-A42B-64A7DA2C9FDB}
	EndGlobalSection
EndGlobal
